
Microsoft Visual Studio Solution File, Format Version 12.00
# Visual Studio Version 16
VisualStudioVersion = 16.0.32602.291
MinimumVisualStudioVersion = 10.0.40219.1
Project("{FAE04EC0-301F-11D3-BF4B-00C04F79EFBC}") = "CoursesModulesTree", "CoursesModulesTree\CoursesModulesTree.csproj", "{47C10D80-9488-4230-8EA9-4C65B834039F}"
EndProject
Global
	GlobalSection(SolutionConfigurationPlatforms) = preSolution
		Debug|Any CPU = Debug|Any CPU
		Release|Any CPU = Release|Any CPU
	EndGlobalSection
	GlobalSection(ProjectConfigurationPlatforms) = postSolution
		{47C10D80-9488-4230-8EA9-4C65B834039F}.Debug|Any CPU.ActiveCfg = Debug|Any CPU
		{47C10D80-9488-4230-8EA9-4C65B834039F}.Debug|Any CPU.Build.0 = Debug|Any CPU
		{47C10D80-9488-4230-8EA9-4C65B834039F}.Release|Any CPU.ActiveCfg = Release|Any CPU
		{47C10D80-9488-4230-8EA9-4C65B834039F}.Release|Any CPU.Build.0 = Release|Any CPU
	EndGlobalSection
	GlobalSection(SolutionProperties) = preSolution
		HideSolutionNode = FALSE
	EndGlobalSection
	GlobalSection(ExtensibilityGlobals) = postSolution
		SolutionGuid = {EDECC7B4-45A9-40CA-ACA9-E68BB17F7081}
	EndGlobalSection
EndGlobal
